<?xml version="1.0" encoding="utf-8"?>
<Project ToolsVersion="4.0" xmlns="http://schemas.microsoft.com/developer/msbuild/2003">
  <ItemGroup>
    <Filter Include="Source Files">
      <UniqueIdentifier>{4FC737F1-C7A5-4376-A066-2A32D752A2FF}</UniqueIdentifier>
      <Extensions>cpp;c;cc;cxx;def;odl;idl;hpj;bat;asm;asmx</Extensions>
    </Filter>
    <Filter Include="Header Files">
      <UniqueIdentifier>{93995380-89BD-4b04-88EB-625FBE52EBFB}</UniqueIdentifier>
      <Extensions>h;hh;hpp;hxx;hm;inl;inc;xsd</Extensions>
    </Filter>
    <Filter Include="Resource Files">
      <UniqueIdentifier>{67DA6AB6-F800-4c08-8B7A-83BB121AAD01}</UniqueIdentifier>
      <Extensions>qrc;rc;ico;cur;bmp;dlg;rc2;rct;bin;rgs;gif;jpg;jpeg;jpe;resx;tiff;tif;png;wav;mfcribbon-ms</Extensions>
    </Filter>
    <Filter Include="Translation Files">
      <UniqueIdentifier>{639EADAA-A684-42e4-A9AD-28FC9BCB8F7C}</UniqueIdentifier>
      <Extensions>ts</Extensions>
    </Filter>
  </ItemGroup>
  <ItemGroup>
    <ClCompile Include="main.cpp">
      <Filter>Source Files</Filter>
    </ClCompile>
    <ClCompile Include="Apartment.cpp">
      <Filter>Source Files</Filter>
    </ClCompile>
    <ClCompile Include="ApartmentsWidget.cpp">
      <Filter>Source Files</Filter>
    </ClCompile>
    <ClCompile Include="ApartmentViewer.cpp">
      <Filter>Source Files</Filter>
    </ClCompile>
    <ClCompile Include="ApartmentViewersContainter.cpp">
      <Filter>Source Files</Filter>
    </ClCompile>
    <ClCompile Include="Controller.cpp">
      <Filter>Source Files</Filter>
    </ClCompile>
    <ClCompile Include="DashboardWidget.cpp">
      <Filter>Source Files</Filter>
    </ClCompile>
    <ClCompile Include="DataManager.cpp">
      <Filter>Source Files</Filter>
    </ClCompile>
    <ClCompile Include="FilterWidget.cpp">
      <Filter>Source Files</Filter>
    </ClCompile>
    <ClCompile Include="HTMLBuilder.cpp">
      <Filter>Source Files</Filter>
    </ClCompile>
    <ClCompile Include="IManagementWidget.cpp">
      <Filter>Source Files</Filter>
    </ClCompile>
    <ClCompile Include="MapsBridge.cpp">
      <Filter>Source Files</Filter>
    </ClCompile>
    <ClCompile Include="MapsView.cpp">
      <Filter>Source Files</Filter>
    </ClCompile>
    <ClCompile Include="Models.cpp">
      <Filter>Source Files</Filter>
    </ClCompile>
    <ClCompile Include="Realtor.cpp">
      <Filter>Source Files</Filter>
    </ClCompile>
    <ClCompile Include="RequestDispatcher.cpp">
      <Filter>Source Files</Filter>
    </ClCompile>
    <ClCompile Include="RequestManager.cpp">
      <Filter>Source Files</Filter>
    </ClCompile>
    <ClCompile Include="RequestSender.cpp">
      <Filter>Source Files</Filter>
    </ClCompile>
    <ClCompile Include="SignInUpWidget.cpp">
      <Filter>Source Files</Filter>
    </ClCompile>
    <ClCompile Include="SignInWidget.cpp">
      <Filter>Source Files</Filter>
    </ClCompile>
    <ClCompile Include="SignUpWidget.cpp">
      <Filter>Source Files</Filter>
    </ClCompile>
    <ClCompile Include="TableWidget.cpp">
      <Filter>Source Files</Filter>
    </ClCompile>
    <ClCompile Include="User.cpp">
      <Filter>Source Files</Filter>
    </ClCompile>
    <ClCompile Include="UsersManagementWidget.cpp">
      <Filter>Source Files</Filter>
    </ClCompile>
    <ClCompile Include="UsersTableWidget.cpp">
      <Filter>Source Files</Filter>
    </ClCompile>
    <ClCompile Include="UserWidget.cpp">
      <Filter>Source Files</Filter>
    </ClCompile>
  </ItemGroup>
  <ItemGroup>
    <QtMoc Include="ApartmentsWidget.h">
      <Filter>Header Files</Filter>
    </QtMoc>
    <QtMoc Include="ApartmentViewer.h">
      <Filter>Header Files</Filter>
    </QtMoc>
    <QtMoc Include="ApartmentViewersContainter.h">
      <Filter>Header Files</Filter>
    </QtMoc>
    <QtMoc Include="Controller.h">
      <Filter>Header Files</Filter>
    </QtMoc>
    <QtMoc Include="DashboardWidget.h">
      <Filter>Header Files</Filter>
    </QtMoc>
    <QtMoc Include="FilterWidget.h">
      <Filter>Header Files</Filter>
    </QtMoc>
    <QtMoc Include="IManagementWidget.h">
      <Filter>Header Files</Filter>
    </QtMoc>
    <QtMoc Include="MapsBridge.h">
      <Filter>Header Files</Filter>
    </QtMoc>
    <QtMoc Include="MapsView.h">
      <Filter>Header Files</Filter>
    </QtMoc>
    <QtMoc Include="RequestDispatcher.h">
      <Filter>Header Files</Filter>
    </QtMoc>
    <QtMoc Include="RequestManager.h">
      <Filter>Header Files</Filter>
    </QtMoc>
    <QtMoc Include="RequestSender.h">
      <Filter>Header Files</Filter>
    </QtMoc>
    <QtMoc Include="SignInUpWidget.h">
      <Filter>Header Files</Filter>
    </QtMoc>
    <QtMoc Include="SignInWidget.h">
      <Filter>Header Files</Filter>
    </QtMoc>
    <QtMoc Include="SignUpWidget.h">
      <Filter>Header Files</Filter>
    </QtMoc>
    <QtMoc Include="TableWidget.h">
      <Filter>Header Files</Filter>
    </QtMoc>
    <QtMoc Include="UsersManagementWidget.h">
      <Filter>Header Files</Filter>
    </QtMoc>
    <QtMoc Include="UsersTableWidget.h">
      <Filter>Header Files</Filter>
    </QtMoc>
    <QtMoc Include="UserWidget.h">
      <Filter>Header Files</Filter>
    </QtMoc>
  </ItemGroup>
  <ItemGroup>
    <ClInclude Include="Apartment.h">
      <Filter>Header Files</Filter>
    </ClInclude>
    <ClInclude Include="CommonConstants.h">
      <Filter>Header Files</Filter>
    </ClInclude>
    <ClInclude Include="DataManager.h">
      <Filter>Header Files</Filter>
    </ClInclude>
    <ClInclude Include="HTMLBuilder.h">
      <Filter>Header Files</Filter>
    </ClInclude>
    <ClInclude Include="MarkerData.h">
      <Filter>Header Files</Filter>
    </ClInclude>
    <ClInclude Include="Models.h">
      <Filter>Header Files</Filter>
    </ClInclude>
    <ClInclude Include="Realtor.h">
      <Filter>Header Files</Filter>
    </ClInclude>
    <ClInclude Include="User.h">
      <Filter>Header Files</Filter>
    </ClInclude>
  </ItemGroup>
  <ItemGroup>
    <QtRcc Include="ApartmentRentals.qrc">
      <Filter>Resource Files</Filter>
    </QtRcc>
  </ItemGroup>
</Project>